
Microsoft Visual Studio Solution File, Format Version 12.00
# Visual Studio Version 17
VisualStudioVersion = 17.2.32519.379
MinimumVisualStudioVersion = 10.0.40219.1
Project("{9A19103F-16F7-4668-BE54-9A1E7A4F7556}") = "RealWorldUnitTest.Web", "RealWorldUnitTest.Web\RealWorldUnitTest.Web.csproj", "{A2074D6E-E039-4A69-9567-AC2B1720E865}"
EndProject
Project("{FAE04EC0-301F-11D3-BF4B-00C04F79EFBC}") = "RealWorldUnitTest.Test", "RealWorldUnitTest.Test\RealWorldUnitTest.Test.csproj", "{EC2CFC18-BFA9-4B6A-ABB0-C46963297229}"
EndProject
Global
	GlobalSection(SolutionConfigurationPlatforms) = preSolution
		Debug|Any CPU = Debug|Any CPU
		Release|Any CPU = Release|Any CPU
	EndGlobalSection
	GlobalSection(ProjectConfigurationPlatforms) = postSolution
		{A2074D6E-E039-4A69-9567-AC2B1720E865}.Debug|Any CPU.ActiveCfg = Debug|Any CPU
		{A2074D6E-E039-4A69-9567-AC2B1720E865}.Debug|Any CPU.Build.0 = Debug|Any CPU
		{A2074D6E-E039-4A69-9567-AC2B1720E865}.Release|Any CPU.ActiveCfg = Release|Any CPU
		{A2074D6E-E039-4A69-9567-AC2B1720E865}.Release|Any CPU.Build.0 = Release|Any CPU
		{EC2CFC18-BFA9-4B6A-ABB0-C46963297229}.Debug|Any CPU.ActiveCfg = Debug|Any CPU
		{EC2CFC18-BFA9-4B6A-ABB0-C46963297229}.Debug|Any CPU.Build.0 = Debug|Any CPU
		{EC2CFC18-BFA9-4B6A-ABB0-C46963297229}.Release|Any CPU.ActiveCfg = Release|Any CPU
		{EC2CFC18-BFA9-4B6A-ABB0-C46963297229}.Release|Any CPU.Build.0 = Release|Any CPU
	EndGlobalSection
	GlobalSection(SolutionProperties) = preSolution
		HideSolutionNode = FALSE
	EndGlobalSection
	GlobalSection(ExtensibilityGlobals) = postSolution
		SolutionGuid = {7D04C42C-7FA0-4642-B783-834855ECDA4C}
	EndGlobalSection
EndGlobal
